
Microsoft Visual Studio Solution File, Format Version 12.00
# Visual Studio Version 16
VisualStudioVersion = 16.0.29424.173
MinimumVisualStudioVersion = 10.0.40219.1
Project("{FAE04EC0-301F-11D3-BF4B-00C04F79EFBC}") = "Marmot.Core", "Marmot.Core\Marmot.Core.csproj", "{80B0E517-5A4B-456A-AACC-34C410278563}"
EndProject
Project("{FAE04EC0-301F-11D3-BF4B-00C04F79EFBC}") = "Marmot.Test", "Marmot.Test\Marmot.Test.csproj", "{0C4231E6-6602-4BF7-B026-716F8E8ECA12}"
EndProject
Global
	GlobalSection(SolutionConfigurationPlatforms) = preSolution
		Debug|Any CPU = Debug|Any CPU
		Release|Any CPU = Release|Any CPU
	EndGlobalSection
	GlobalSection(ProjectConfigurationPlatforms) = postSolution
		{80B0E517-5A4B-456A-AACC-34C410278563}.Debug|Any CPU.ActiveCfg = Debug|Any CPU
		{80B0E517-5A4B-456A-AACC-34C410278563}.Debug|Any CPU.Build.0 = Debug|Any CPU
		{80B0E517-5A4B-456A-AACC-34C410278563}.Release|Any CPU.ActiveCfg = Release|Any CPU
		{80B0E517-5A4B-456A-AACC-34C410278563}.Release|Any CPU.Build.0 = Release|Any CPU
		{0C4231E6-6602-4BF7-B026-716F8E8ECA12}.Debug|Any CPU.ActiveCfg = Debug|Any CPU
		{0C4231E6-6602-4BF7-B026-716F8E8ECA12}.Debug|Any CPU.Build.0 = Debug|Any CPU
		{0C4231E6-6602-4BF7-B026-716F8E8ECA12}.Release|Any CPU.ActiveCfg = Release|Any CPU
		{0C4231E6-6602-4BF7-B026-716F8E8ECA12}.Release|Any CPU.Build.0 = Release|Any CPU
	EndGlobalSection
	GlobalSection(SolutionProperties) = preSolution
		HideSolutionNode = FALSE
	EndGlobalSection
	GlobalSection(ExtensibilityGlobals) = postSolution
		SolutionGuid = {A7374C3C-F69A-4E75-ADD3-B0B35E5451EB}
	EndGlobalSection
EndGlobal
